
Microsoft Visual Studio Solution File, Format Version 12.00
# Visual Studio Version 17
VisualStudioVersion = 17.14.36301.6
MinimumVisualStudioVersion = 10.0.40219.1
Project("{FAE04EC0-301F-11D3-BF4B-00C04F79EFBC}") = "CT.LnD.ContactManagement.Backend.Business", "src\CT.LnD.ContactManagement.Backend.Buisness\CT.LnD.ContactManagement.Backend.Business.csproj", "{5DE6FE51-5E1B-41F4-A527-B4CA5C992AE4}"
EndProject
Project("{FAE04EC0-301F-11D3-BF4B-00C04F79EFBC}") = "CT.LnD.ContactManagement.Backend.Hosting.Asp", "src\Hosting\CT.LnD.ContactManagement.Backend.Hosting.Asp\CT.LnD.ContactManagement.Backend.Hosting.Asp.csproj", "{C5DE4A20-FAB7-4D8C-BA4C-D396964B7952}"
EndProject
Project("{FAE04EC0-301F-11D3-BF4B-00C04F79EFBC}") = "CT.LnD.ContactManagement.Backend.Dto", "src\CT.LnD.ContactManagement.Backend.Dto\CT.LnD.ContactManagement.Backend.Dto.csproj", "{2EAF3028-7CFF-4C25-8B80-0103A5A1E058}"
EndProject
Project("{2150E333-8FDC-42A3-9474-1A3956D46DE8}") = "Solution Items", "Solution Items", "{02EA681E-C7D8-13C7-8484-4AC65E1B71E8}"
	ProjectSection(SolutionItems) = preProject
		.editorconfig = .editorconfig
		.gitignore = .gitignore
	EndProjectSection
EndProject
Project("{FAE04EC0-301F-11D3-BF4B-00C04F79EFBC}") = "CT.LnD.ContactManagement.Backend.DataAccess.Database", "src\DataAccess\CT.LnD.ContactManagement.Backend.DataAccess.Database\CT.LnD.ContactManagement.Backend.DataAccess.Database.csproj", "{AC938184-1C03-447D-BB62-E47B6D2DEE79}"
EndProject
Global
	GlobalSection(SolutionConfigurationPlatforms) = preSolution
		Debug|Any CPU = Debug|Any CPU
		Release|Any CPU = Release|Any CPU
	EndGlobalSection
	GlobalSection(ProjectConfigurationPlatforms) = postSolution
		{5DE6FE51-5E1B-41F4-A527-B4CA5C992AE4}.Debug|Any CPU.ActiveCfg = Debug|Any CPU
		{5DE6FE51-5E1B-41F4-A527-B4CA5C992AE4}.Debug|Any CPU.Build.0 = Debug|Any CPU
		{5DE6FE51-5E1B-41F4-A527-B4CA5C992AE4}.Release|Any CPU.ActiveCfg = Release|Any CPU
		{5DE6FE51-5E1B-41F4-A527-B4CA5C992AE4}.Release|Any CPU.Build.0 = Release|Any CPU
		{C5DE4A20-FAB7-4D8C-BA4C-D396964B7952}.Debug|Any CPU.ActiveCfg = Debug|Any CPU
		{C5DE4A20-FAB7-4D8C-BA4C-D396964B7952}.Debug|Any CPU.Build.0 = Debug|Any CPU
		{C5DE4A20-FAB7-4D8C-BA4C-D396964B7952}.Release|Any CPU.ActiveCfg = Release|Any CPU
		{C5DE4A20-FAB7-4D8C-BA4C-D396964B7952}.Release|Any CPU.Build.0 = Release|Any CPU
		{2EAF3028-7CFF-4C25-8B80-0103A5A1E058}.Debug|Any CPU.ActiveCfg = Debug|Any CPU
		{2EAF3028-7CFF-4C25-8B80-0103A5A1E058}.Debug|Any CPU.Build.0 = Debug|Any CPU
		{2EAF3028-7CFF-4C25-8B80-0103A5A1E058}.Release|Any CPU.ActiveCfg = Release|Any CPU
		{2EAF3028-7CFF-4C25-8B80-0103A5A1E058}.Release|Any CPU.Build.0 = Release|Any CPU
		{AC938184-1C03-447D-BB62-E47B6D2DEE79}.Debug|Any CPU.ActiveCfg = Debug|Any CPU
		{AC938184-1C03-447D-BB62-E47B6D2DEE79}.Debug|Any CPU.Build.0 = Debug|Any CPU
		{AC938184-1C03-447D-BB62-E47B6D2DEE79}.Release|Any CPU.ActiveCfg = Release|Any CPU
		{AC938184-1C03-447D-BB62-E47B6D2DEE79}.Release|Any CPU.Build.0 = Release|Any CPU
	EndGlobalSection
	GlobalSection(SolutionProperties) = preSolution
		HideSolutionNode = FALSE
	EndGlobalSection
	GlobalSection(ExtensibilityGlobals) = postSolution
		SolutionGuid = {7F54D6D0-FBCB-486E-8D45-8CBE8E037C7F}
	EndGlobalSection
EndGlobal
